
Microsoft Visual Studio Solution File, Format Version 12.00
# Visual Studio Version 16
VisualStudioVersion = 16.0.30011.22
MinimumVisualStudioVersion = 10.0.40219.1
Project("{888888A0-9F3D-457C-B088-3A5042F75D52}") = "NLP_final_project", "NLP_final_project\NLP_final_project.pyproj", "{48AEDBE0-FCB9-4E99-982D-180CCA2B46D4}"
EndProject
Global
	GlobalSection(SolutionConfigurationPlatforms) = preSolution
		Debug|Any CPU = Debug|Any CPU
		Release|Any CPU = Release|Any CPU
	EndGlobalSection
	GlobalSection(ProjectConfigurationPlatforms) = postSolution
		{48AEDBE0-FCB9-4E99-982D-180CCA2B46D4}.Debug|Any CPU.ActiveCfg = Debug|Any CPU
		{48AEDBE0-FCB9-4E99-982D-180CCA2B46D4}.Release|Any CPU.ActiveCfg = Release|Any CPU
	EndGlobalSection
	GlobalSection(SolutionProperties) = preSolution
		HideSolutionNode = FALSE
	EndGlobalSection
	GlobalSection(ExtensibilityGlobals) = postSolution
		SolutionGuid = {013BFCA4-2CE0-4A59-9700-FFF9D5AE7BE8}
	EndGlobalSection
EndGlobal
